// !$*UTF8*$!
{
	archiveVersion = 1;
	classes = {
	};
	objectVersion = 48;
	objects = {

/* Begin PBXBuildFile section */
		04C11C8220B6A32E00B4B77B /* AppDelegate.m in Sources */ = {isa = PBXBuildFile; fileRef = 04C11C8120B6A32E00B4B77B /* AppDelegate.m */; };
		04C11C8520B6A32E00B4B77B /* ViewController.m in Sources */ = {isa = PBXBuildFile; fileRef = 04C11C8420B6A32E00B4B77B /* ViewController.m */; };
		04C11C8820B6A32E00B4B77B /* Main.storyboard in Resources */ = {isa = PBXBuildFile; fileRef = 04C11C8620B6A32E00B4B77B /* Main.storyboard */; };
		04C11C8A20B6A32E00B4B77B /* Assets.xcassets in Resources */ = {isa = PBXBuildFile; fileRef = 04C11C8920B6A32E00B4B77B /* Assets.xcassets */; };
		04C11C8D20B6A32E00B4B77B /* LaunchScreen.storyboard in Resources */ = {isa = PBXBuildFile; fileRef = 04C11C8B20B6A32E00B4B77B /* LaunchScreen.storyboard */; };
		04C11C9020B6A32E00B4B77B /* main.m in Sources */ = {isa = PBXBuildFile; fileRef = 04C11C8F20B6A32E00B4B77B /* main.m */; };
		04C11C9A20B6A32F00B4B77B /* sb111Tests.m in Sources */ = {isa = PBXBuildFile; fileRef = 04C11C9920B6A32F00B4B77B /* sb111Tests.m */; };
		04C11CA520B6A32F00B4B77B /* sb111UITests.m in Sources */ = {isa = PBXBuildFile; fileRef = 04C11CA420B6A32F00B4B77B /* sb111UITests.m */; };
/* End PBXBuildFile section */

/* Begin PBXContainerItemProxy section */
		04C11C9620B6A32F00B4B77B /* PBXContainerItemProxy */ = {
			isa = PBXContainerItemProxy;
			containerPortal = 04C11C7520B6A32E00B4B77B /* Project object */;
			proxyType = 1;
			remoteGlobalIDString = 04C11C7C20B6A32E00B4B77B;
			remoteInfo = sb111;
		};
		04C11CA120B6A32F00B4B77B /* PBXContainerItemProxy */ = {
			isa = PBXContainerItemProxy;
			containerPortal = 04C11C7520B6A32E00B4B77B /* Project object */;
			proxyType = 1;
			remoteGlobalIDString = 04C11C7C20B6A32E00B4B77B;
			remoteInfo = sb111;
		};
/* End PBXContainerItemProxy section */

/* Begin PBXFileReference section */
		04C11C7D20B6A32E00B4B77B /* sb111.app */ = {isa = PBXFileReference; explicitFileType = wrapper.application; includeInIndex = 0; path = sb111.app; sourceTree = BUILT_PRODUCTS_DIR; };
		04C11C8020B6A32E00B4B77B /* AppDelegate.h */ = {isa = PBXFileReference; lastKnownFileType = sourcecode.c.h; path = AppDelegate.h; sourceTree = "<group>"; };
		04C11C8120B6A32E00B4B77B /* AppDelegate.m */ = {isa = PBXFileReference; lastKnownFileType = sourcecode.c.objc; path = AppDelegate.m; sourceTree = "<group>"; };
		04C11C8320B6A32E00B4B77B /* ViewController.h */ = {isa = PBXFileReference; lastKnownFileType = sourcecode.c.h; path = ViewController.h; sourceTree = "<group>"; };
		04C11C8420B6A32E00B4B77B /* ViewController.m */ = {isa = PBXFileReference; lastKnownFileType = sourcecode.c.objc; path = ViewController.m; sourceTree = "<group>"; };
		04C11C8720B6A32E00B4B77B /* Base */ = {isa = PBXFileReference; lastKnownFileType = file.storyboard; name = Base; path = Base.lproj/Main.storyboard; sourceTree = "<group>"; };
		04C11C8920B6A32E00B4B77B /* Assets.xcassets */ = {isa = PBXFileReference; lastKnownFileType = folder.assetcatalog; path = Assets.xcassets; sourceTree = "<group>"; };
		04C11C8C20B6A32E00B4B77B /* Base */ = {isa = PBXFileReference; lastKnownFileType = file.storyboard; name = Base; path = Base.lproj/LaunchScreen.storyboard; sourceTree = "<group>"; };
		04C11C8E20B6A32E00B4B77B /* Info.plist */ = {isa = PBXFileReference; lastKnownFileType = text.plist.xml; path = Info.plist; sourceTree = "<group>"; };
		04C11C8F20B6A32E00B4B77B /* main.m */ = {isa = PBXFileReference; lastKnownFileType = sourcecode.c.objc; path = main.m; sourceTree = "<group>"; };
		04C11C9520B6A32F00B4B77B /* sb111Tests.xctest */ = {isa = PBXFileReference; explicitFileType = wrapper.cfbundle; includeInIndex = 0; path = sb111Tests.xctest; sourceTree = BUILT_PRODUCTS_DIR; };
		04C11C9920B6A32F00B4B77B /* sb111Tests.m */ = {isa = PBXFileReference; lastKnownFileType = sourcecode.c.objc; path = sb111Tests.m; sourceTree = "<group>"; };
		04C11C9B20B6A32F00B4B77B /* Info.plist */ = {isa = PBXFileReference; lastKnownFileType = text.plist.xml; path = Info.plist; sourceTree = "<group>"; };
		04C11CA020B6A32F00B4B77B /* sb111UITests.xctest */ = {isa = PBXFileReference; explicitFileType = wrapper.cfbundle; includeInIndex = 0; path = sb111UITests.xctest; sourceTree = BUILT_PRODUCTS_DIR; };
		04C11CA420B6A32F00B4B77B /* sb111UITests.m */ = {isa = PBXFileReference; lastKnownFileType = sourcecode.c.objc; path = sb111UITests.m; sourceTree = "<group>"; };
		04C11CA620B6A32F00B4B77B /* Info.plist */ = {isa = PBXFileReference; lastKnownFileType = text.plist.xml; path = Info.plist; sourceTree = "<group>"; };
/* End PBXFileReference section */

/* Begin PBXFrameworksBuildPhase section */
		04C11C7A20B6A32E00B4B77B /* Frameworks */ = {
			isa = PBXFrameworksBuildPhase;
			buildActionMask = 2147483647;
			files = (
			);
			runOnlyForDeploymentPostprocessing = 0;
		};
		04C11C9220B6A32F00B4B77B /* Frameworks */ = {
			isa = PBXFrameworksBuildPhase;
			buildActionMask = 2147483647;
			files = (
			);
			runOnlyForDeploymentPostprocessing = 0;
		};
		04C11C9D20B6A32F00B4B77B /* Frameworks */ = {
			isa = PBXFrameworksBuildPhase;
			buildActionMask = 2147483647;
			files = (
			);
			runOnlyForDeploymentPostprocessing = 0;
		};
/* End PBXFrameworksBuildPhase section */

/* Begin PBXGroup section */
		04C11C7420B6A32E00B4B77B = {
			isa = PBXGroup;
			children = (
				04C11C7F20B6A32E00B4B77B /* sb111 */,
				04C11C9820B6A32F00B4B77B /* sb111Tests */,
				04C11CA320B6A32F00B4B77B /* sb111UITests */,
				04C11C7E20B6A32E00B4B77B /* Products */,
			);
			sourceTree = "<group>";
		};
		04C11C7E20B6A32E00B4B77B /* Products */ = {
			isa = PBXGroup;
			children = (
				04C11C7D20B6A32E00B4B77B /* sb111.app */,
				04C11C9520B6A32F00B4B77B /* sb111Tests.xctest */,
				04C11CA020B6A32F00B4B77B /* sb111UITests.xctest */,
			);
			name = Products;
			sourceTree = "<group>";
		};
		04C11C7F20B6A32E00B4B77B /* sb111 */ = {
			isa = PBXGroup;
			children = (
				04C11C8020B6A32E00B4B77B /* AppDelegate.h */,
				04C11C8120B6A32E00B4B77B /* AppDelegate.m */,
				04C11C8320B6A32E00B4B77B /* ViewController.h */,
				04C11C8420B6A32E00B4B77B /* ViewController.m */,
				04C11C8620B6A32E00B4B77B /* Main.storyboard */,
				04C11C8920B6A32E00B4B77B /* Assets.xcassets */,
				04C11C8B20B6A32E00B4B77B /* LaunchScreen.storyboard */,
				04C11C8E20B6A32E00B4B77B /* Info.plist */,
				04C11C8F20B6A32E00B4B77B /* main.m */,
			);
			path = sb111;
			sourceTree = "<group>";
		};
		04C11C9820B6A32F00B4B77B /* sb111Tests */ = {
			isa = PBXGroup;
			children = (
				04C11C9920B6A32F00B4B77B /* sb111Tests.m */,
				04C11C9B20B6A32F00B4B77B /* Info.plist */,
			);
			path = sb111Tests;
			sourceTree = "<group>";
		};
		04C11CA320B6A32F00B4B77B /* sb111UITests */ = {
			isa = PBXGroup;
			children = (
				04C11CA420B6A32F00B4B77B /* sb111UITests.m */,
				04C11CA620B6A32F00B4B77B /* Info.plist */,
			);
			path = sb111UITests;
			sourceTree = "<group>";
		};
/* End PBXGroup section */

/* Begin PBXNativeTarget section */
		04C11C7C20B6A32E00B4B77B /* sb111 */ = {
			isa = PBXNativeTarget;
			buildConfigurationList = 04C11CA920B6A32F00B4B77B /* Build configuration list for PBXNativeTarget "sb111" */;
			buildPhases = (
				04C11C7920B6A32E00B4B77B /* Sources */,
				04C11C7A20B6A32E00B4B77B /* Frameworks */,
				04C11C7B20B6A32E00B4B77B /* Resources */,
			);
			buildRules = (
			);
			dependencies = (
			);
			name = sb111;
			productName = sb111;
			productReference = 04C11C7D20B6A32E00B4B77B /* sb111.app */;
			productType = "com.apple.product-type.application";
		};
		04C11C9420B6A32F00B4B77B /* sb111Tests */ = {
			isa = PBXNativeTarget;
			buildConfigurationList = 04C11CAC20B6A32F00B4B77B /* Build configuration list for PBXNativeTarget "sb111Tests" */;
			buildPhases = (
				04C11C9120B6A32F00B4B77B /* Sources */,
				04C11C9220B6A32F00B4B77B /* Frameworks */,
				04C11C9320B6A32F00B4B77B /* Resources */,
			);
			buildRules = (
			);
			dependencies = (
				04C11C9720B6A32F00B4B77B /* PBXTargetDependency */,
			);
			name = sb111Tests;
			productName = sb111Tests;
			productReference = 04C11C9520B6A32F00B4B77B /* sb111Tests.xctest */;
			productType = "com.apple.product-type.bundle.unit-test";
		};
		04C11C9F20B6A32F00B4B77B /* sb111UITests */ = {
			isa = PBXNativeTarget;
			buildConfigurationList = 04C11CAF20B6A32F00B4B77B /* Build configuration list for PBXNativeTarget "sb111UITests" */;
			buildPhases = (
				04C11C9C20B6A32F00B4B77B /* Sources */,
				04C11C9D20B6A32F00B4B77B /* Frameworks */,
				04C11C9E20B6A32F00B4B77B /* Resources */,
			);
			buildRules = (
			);
			dependencies = (
				04C11CA220B6A32F00B4B77B /* PBXTargetDependency */,
			);
			name = sb111UITests;
			productName = sb111UITests;
			productReference = 04C11CA020B6A32F00B4B77B /* sb111UITests.xctest */;
			productType = "com.apple.product-type.bundle.ui-testing";
		};
/* End PBXNativeTarget section */

/* Begin PBXProject section */
		04C11C7520B6A32E00B4B77B /* Project object */ = {
			isa = PBXProject;
			attributes = {
				LastUpgradeCheck = 0910;
				ORGANIZATIONNAME = mac;
				TargetAttributes = {
					04C11C7C20B6A32E00B4B77B = {
						CreatedOnToolsVersion = 9.1;
						ProvisioningStyle = Automatic;
					};
					04C11C9420B6A32F00B4B77B = {
						CreatedOnToolsVersion = 9.1;
						ProvisioningStyle = Automatic;
						TestTargetID = 04C11C7C20B6A32E00B4B77B;
					};
					04C11C9F20B6A32F00B4B77B = {
						CreatedOnToolsVersion = 9.1;
						ProvisioningStyle = Automatic;
						TestTargetID = 04C11C7C20B6A32E00B4B77B;
					};
				};
			};
			buildConfigurationList = 04C11C7820B6A32E00B4B77B /* Build configuration list for PBXProject "sb111" */;
			compatibilityVersion = "Xcode 8.0";
			developmentRegion = en;
			hasScannedForEncodings = 0;
			knownRegions = (
				en,
				Base,
			);
			mainGroup = 04C11C7420B6A32E00B4B77B;
			productRefGroup = 04C11C7E20B6A32E00B4B77B /* Products */;
			projectDirPath = "";
			projectRoot = "";
			targets = (
				04C11C7C20B6A32E00B4B77B /* sb111 */,
				04C11C9420B6A32F00B4B77B /* sb111Tests */,
				04C11C9F20B6A32F00B4B77B /* sb111UITests */,
			);
		};
/* End PBXProject section */

/* Begin PBXResourcesBuildPhase section */
		04C11C7B20B6A32E00B4B77B /* Resources */ = {
			isa = PBXResourcesBuildPhase;
			buildActionMask = 2147483647;
			files = (
				04C11C8D20B6A32E00B4B77B /* LaunchScreen.storyboard in Resources */,
				04C11C8A20B6A32E00B4B77B /* Assets.xcassets in Resources */,
				04C11C8820B6A32E00B4B77B /* Main.storyboard in Resources */,
			);
			runOnlyForDeploymentPostprocessing = 0;
		};
		04C11C9320B6A32F00B4B77B /* Resources */ = {
			isa = PBXResourcesBuildPhase;
			buildActionMask = 2147483647;
			files = (
			);
			runOnlyForDeploymentPostprocessing = 0;
		};
		04C11C9E20B6A32F00B4B77B /* Resources */ = {
			isa = PBXResourcesBuildPhase;
			buildActionMask = 2147483647;
			files = (
			);
			runOnlyForDeploymentPostprocessing = 0;
		};
/* End PBXResourcesBuildPhase section */

/* Begin PBXSourcesBuildPhase section */
		04C11C7920B6A32E00B4B77B /* Sources */ = {
			isa = PBXSourcesBuildPhase;
			buildActionMask = 2147483647;
			files = (
				04C11C8520B6A32E00B4B77B /* ViewController.m in Sources */,
				04C11C9020B6A32E00B4B77B /* main.m in Sources */,
				04C11C8220B6A32E00B4B77B /* AppDelegate.m in Sources */,
			);
			runOnlyForDeploymentPostprocessing = 0;
		};
		04C11C9120B6A32F00B4B77B /* Sources */ = {
			isa = PBXSourcesBuildPhase;
			buildActionMask = 2147483647;
			files = (
				04C11C9A20B6A32F00B4B77B /* sb111Tests.m in Sources */,
			);
			runOnlyForDeploymentPostprocessing = 0;
		};
		04C11C9C20B6A32F00B4B77B /* Sources */ = {
			isa = PBXSourcesBuildPhase;
			buildActionMask = 2147483647;
			files = (
				04C11CA520B6A32F00B4B77B /* sb111UITests.m in Sources */,
			);
			runOnlyForDeploymentPostprocessing = 0;
		};
/* End PBXSourcesBuildPhase section */

/* Begin PBXTargetDependency section */
		04C11C9720B6A32F00B4B77B /* PBXTargetDependency */ = {
			isa = PBXTargetDependency;
			target = 04C11C7C20B6A32E00B4B77B /* sb111 */;
			targetProxy = 04C11C9620B6A32F00B4B77B /* PBXContainerItemProxy */;
		};
		04C11CA220B6A32F00B4B77B /* PBXTargetDependency */ = {
			isa = PBXTargetDependency;
			target = 04C11C7C20B6A32E00B4B77B /* sb111 */;
			targetProxy = 04C11CA120B6A32F00B4B77B /* PBXContainerItemProxy */;
		};
/* End PBXTargetDependency section */

/* Begin PBXVariantGroup section */
		04C11C8620B6A32E00B4B77B /* Main.storyboard */ = {
			isa = PBXVariantGroup;
			children = (
				04C11C8720B6A32E00B4B77B /* Base */,
			);
			name = Main.storyboard;
			sourceTree = "<group>";
		};
		04C11C8B20B6A32E00B4B77B /* LaunchScreen.storyboard */ = {
			isa = PBXVariantGroup;
			children = (
				04C11C8C20B6A32E00B4B77B /* Base */,
			);
			name = LaunchScreen.storyboard;
			sourceTree = "<group>";
		};
/* End PBXVariantGroup section */

/* Begin XCBuildConfiguration section */
		04C11CA720B6A32F00B4B77B /* Debug */ = {
			isa = XCBuildConfiguration;
			buildSettings = {
				ALWAYS_SEARCH_USER_PATHS = NO;
				CLANG_ANALYZER_NONNULL = YES;
				CLANG_ANALYZER_NUMBER_OBJECT_CONVERSION = YES_AGGRESSIVE;
				CLANG_CXX_LANGUAGE_STANDARD = "gnu++14";
				CLANG_CXX_LIBRARY = "libc++";
				CLANG_ENABLE_MODULES = YES;
				CLANG_ENABLE_OBJC_ARC = YES;
				CLANG_WARN_BLOCK_CAPTURE_AUTORELEASING = YES;
				CLANG_WARN_BOOL_CONVERSION = YES;
				CLANG_WARN_COMMA = YES;
				CLANG_WARN_CONSTANT_CONVERSION = YES;
				CLANG_WARN_DIRECT_OBJC_ISA_USAGE = YES_ERROR;
				CLANG_WARN_DOCUMENTATION_COMMENTS = YES;
				CLANG_WARN_EMPTY_BODY = YES;
				CLANG_WARN_ENUM_CONVERSION = YES;
				CLANG_WARN_INFINITE_RECURSION = YES;
				CLANG_WARN_INT_CONVERSION = YES;
				CLANG_WARN_NON_LITERAL_NULL_CONVERSION = YES;
				CLANG_WARN_OBJC_LITERAL_CONVERSION = YES;
				CLANG_WARN_OBJC_ROOT_CLASS = YES_ERROR;
				CLANG_WARN_RANGE_LOOP_ANALYSIS = YES;
				CLANG_WARN_STRICT_PROTOTYPES = YES;
				CLANG_WARN_SUSPICIOUS_MOVE = YES;
				CLANG_WARN_UNGUARDED_AVAILABILITY = YES_AGGRESSIVE;
				CLANG_WARN_UNREACHABLE_CODE = YES;
				CLANG_WARN__DUPLICATE_METHOD_MATCH = YES;
				CODE_SIGN_IDENTITY = "iPhone Developer";
				COPY_PHASE_STRIP = NO;
				DEBUG_INFORMATION_FORMAT = dwarf;
				ENABLE_STRICT_OBJC_MSGSEND = YES;
				ENABLE_TESTABILITY = YES;
				GCC_C_LANGUAGE_STANDARD = gnu11;
				GCC_DYNAMIC_NO_PIC = NO;
				GCC_NO_COMMON_BLOCKS = YES;
				GCC_OPTIMIZATION_LEVEL = 0;
				GCC_PREPROCESSOR_DEFINITIONS = (
					"DEBUG=1",
					"$(inherited)",
				);
				GCC_WARN_64_TO_32_BIT_CONVERSION = YES;
				GCC_WARN_ABOUT_RETURN_TYPE = YES_ERROR;
				GCC_WARN_UNDECLARED_SELECTOR = YES;
				GCC_WARN_UNINITIALIZED_AUTOS = YES_AGGRESSIVE;
				GCC_WARN_UNUSED_FUNCTION = YES;
				GCC_WARN_UNUSED_VARIABLE = YES;
				IPHONEOS_DEPLOYMENT_TARGET = 11.1;
				MTL_ENABLE_DEBUG_INFO = YES;
				ONLY_ACTIVE_ARCH = YES;
				SDKROOT = iphoneos;
			};
			name = Debug;
		};
		04C11CA820B6A32F00B4B77B /* Release */ = {
			isa = XCBuildConfiguration;
			buildSettings = {
				ALWAYS_SEARCH_USER_PATHS = NO;
				CLANG_ANALYZER_NONNULL = YES;
				CLANG_ANALYZER_NUMBER_OBJECT_CONVERSION = YES_AGGRESSIVE;
				CLANG_CXX_LANGUAGE_STANDARD = "gnu++14";
				CLANG_CXX_LIBRARY = "libc++";
				CLANG_ENABLE_MODULES = YES;
				CLANG_ENABLE_OBJC_ARC = YES;
				CLANG_WARN_BLOCK_CAPTURE_AUTORELEASING = YES;
				CLANG_WARN_BOOL_CONVERSION = YES;
				CLANG_WARN_COMMA = YES;
				CLANG_WARN_CONSTANT_CONVERSION = YES;
				CLANG_WARN_DIRECT_OBJC_ISA_USAGE = YES_ERROR;
				CLANG_WARN_DOCUMENTATION_COMMENTS = YES;
				CLANG_WARN_EMPTY_BODY = YES;
				CLANG_WARN_ENUM_CONVERSION = YES;
				CLANG_WARN_INFINITE_RECURSION = YES;
				CLANG_WARN_INT_CONVERSION = YES;
				CLANG_WARN_NON_LITERAL_NULL_CONVERSION = YES;
				CLANG_WARN_OBJC_LITERAL_CONVERSION = YES;
				CLANG_WARN_OBJC_ROOT_CLASS = YES_ERROR;
				CLANG_WARN_RANGE_LOOP_ANALYSIS = YES;
				CLANG_WARN_STRICT_PROTOTYPES = YES;
				CLANG_WARN_SUSPICIOUS_MOVE = YES;
				CLANG_WARN_UNGUARDED_AVAILABILITY = YES_AGGRESSIVE;
				CLANG_WARN_UNREACHABLE_CODE = YES;
				CLANG_WARN__DUPLICATE_METHOD_MATCH = YES;
				CODE_SIGN_IDENTITY = "iPhone Developer";
				COPY_PHASE_STRIP = NO;
				DEBUG_INFORMATION_FORMAT = "dwarf-with-dsym";
				ENABLE_NS_ASSERTIONS = NO;
				ENABLE_STRICT_OBJC_MSGSEND = YES;
				GCC_C_LANGUAGE_STANDARD = gnu11;
				GCC_NO_COMMON_BLOCKS = YES;
				GCC_WARN_64_TO_32_BIT_CONVERSION = YES;
				GCC_WARN_ABOUT_RETURN_TYPE = YES_ERROR;
				GCC_WARN_UNDECLARED_SELECTOR = YES;
				GCC_WARN_UNINITIALIZED_AUTOS = YES_AGGRESSIVE;
				GCC_WARN_UNUSED_FUNCTION = YES;
				GCC_WARN_UNUSED_VARIABLE = YES;
				IPHONEOS_DEPLOYMENT_TARGET = 11.1;
				MTL_ENABLE_DEBUG_INFO = NO;
				SDKROOT = iphoneos;
				VALIDATE_PRODUCT = YES;
			};
			name = Release;
		};
		04C11CAA20B6A32F00B4B77B /* Debug */ = {
			isa = XCBuildConfiguration;
			buildSettings = {
				ASSETCATALOG_COMPILER_APPICON_NAME = AppIcon;
				CODE_SIGN_STYLE = Automatic;
				INFOPLIST_FILE = sb111/Info.plist;
				LD_RUNPATH_SEARCH_PATHS = "$(inherited) @executable_path/Frameworks";
				PRODUCT_BUNDLE_IDENTIFIER = com.renqineng.sb111;
				PRODUCT_NAME = "$(TARGET_NAME)";
				TARGETED_DEVICE_FAMILY = "1,2";
			};
			name = Debug;
		};
		04C11CAB20B6A32F00B4B77B /* Release */ = {
			isa = XCBuildConfiguration;
			buildSettings = {
				ASSETCATALOG_COMPILER_APPICON_NAME = AppIcon;
				CODE_SIGN_STYLE = Automatic;
				INFOPLIST_FILE = sb111/Info.plist;
				LD_RUNPATH_SEARCH_PATHS = "$(inherited) @executable_path/Frameworks";
				PRODUCT_BUNDLE_IDENTIFIER = com.renqineng.sb111;
				PRODUCT_NAME = "$(TARGET_NAME)";
				TARGETED_DEVICE_FAMILY = "1,2";
			};
			name = Release;
		};
		04C11CAD20B6A32F00B4B77B /* Debug */ = {
			isa = XCBuildConfiguration;
			buildSettings = {
				BUNDLE_LOADER = "$(TEST_HOST)";
				CODE_SIGN_STYLE = Automatic;
				INFOPLIST_FILE = sb111Tests/Info.plist;
				LD_RUNPATH_SEARCH_PATHS = "$(inherited) @executable_path/Frameworks @loader_path/Frameworks";
				PRODUCT_BUNDLE_IDENTIFIER = com.renqineng.sb111Tests;
				PRODUCT_NAME = "$(TARGET_NAME)";
				TARGETED_DEVICE_FAMILY = "1,2";
				TEST_HOST = "$(BUILT_PRODUCTS_DIR)/sb111.app/sb111";
			};
			name = Debug;
		};
		04C11CAE20B6A32F00B4B77B /* Release */ = {
			isa = XCBuildConfiguration;
			buildSettings = {
				BUNDLE_LOADER = "$(TEST_HOST)";
				CODE_SIGN_STYLE = Automatic;
				INFOPLIST_FILE = sb111Tests/Info.plist;
				LD_RUNPATH_SEARCH_PATHS = "$(inherited) @executable_path/Frameworks @loader_path/Frameworks";
				PRODUCT_BUNDLE_IDENTIFIER = com.renqineng.sb111Tests;
				PRODUCT_NAME = "$(TARGET_NAME)";
				TARGETED_DEVICE_FAMILY = "1,2";
				TEST_HOST = "$(BUILT_PRODUCTS_DIR)/sb111.app/sb111";
			};
			name = Release;
		};
		04C11CB020B6A32F00B4B77B /* Debug */ = {
			isa = XCBuildConfiguration;
			buildSettings = {
				CODE_SIGN_STYLE = Automatic;
				INFOPLIST_FILE = sb111UITests/Info.plist;
				LD_RUNPATH_SEARCH_PATHS = "$(inherited) @executable_path/Frameworks @loader_path/Frameworks";
				PRODUCT_BUNDLE_IDENTIFIER = com.renqineng.sb111UITests;
				PRODUCT_NAME = "$(TARGET_NAME)";
				TARGETED_DEVICE_FAMILY = "1,2";
				TEST_TARGET_NAME = sb111;
			};
			name = Debug;
		};
		04C11CB120B6A32F00B4B77B /* Release */ = {
			isa = XCBuildConfiguration;
			buildSettings = {
				CODE_SIGN_STYLE = Automatic;
				INFOPLIST_FILE = sb111UITests/Info.plist;
				LD_RUNPATH_SEARCH_PATHS = "$(inherited) @executable_path/Frameworks @loader_path/Frameworks";
				PRODUCT_BUNDLE_IDENTIFIER = com.renqineng.sb111UITests;
				PRODUCT_NAME = "$(TARGET_NAME)";
				TARGETED_DEVICE_FAMILY = "1,2";
				TEST_TARGET_NAME = sb111;
			};
			name = Release;
		};
/* End XCBuildConfiguration section */

/* Begin XCConfigurationList section */
		04C11C7820B6A32E00B4B77B /* Build configuration list for PBXProject "sb111" */ = {
			isa = XCConfigurationList;
			buildConfigurations = (
				04C11CA720B6A32F00B4B77B /* Debug */,
				04C11CA820B6A32F00B4B77B /* Release */,
			);
			defaultConfigurationIsVisible = 0;
			defaultConfigurationName = Release;
		};
		04C11CA920B6A32F00B4B77B /* Build configuration list for PBXNativeTarget "sb111" */ = {
			isa = XCConfigurationList;
			buildConfigurations = (
				04C11CAA20B6A32F00B4B77B /* Debug */,
				04C11CAB20B6A32F00B4B77B /* Release */,
			);
			defaultConfigurationIsVisible = 0;
			defaultConfigurationName = Release;
		};
		04C11CAC20B6A32F00B4B77B /* Build configuration list for PBXNativeTarget "sb111Tests" */ = {
			isa = XCConfigurationList;
			buildConfigurations = (
				04C11CAD20B6A32F00B4B77B /* Debug */,
				04C11CAE20B6A32F00B4B77B /* Release */,
			);
			defaultConfigurationIsVisible = 0;
			defaultConfigurationName = Release;
		};
		04C11CAF20B6A32F00B4B77B /* Build configuration list for PBXNativeTarget "sb111UITests" */ = {
			isa = XCConfigurationList;
			buildConfigurations = (
				04C11CB020B6A32F00B4B77B /* Debug */,
				04C11CB120B6A32F00B4B77B /* Release */,
			);
			defaultConfigurationIsVisible = 0;
			defaultConfigurationName = Release;
		};
/* End XCConfigurationList section */
	};
	rootObject = 04C11C7520B6A32E00B4B77B /* Project object */;
}
